
Microsoft Visual Studio Solution File, Format Version 12.00
# Visual Studio Version 16
VisualStudioVersion = 16.0.29519.181
MinimumVisualStudioVersion = 10.0.40219.1
Project("{FAE04EC0-301F-11D3-BF4B-00C04F79EFBC}") = "Student HM", "Student HM\Student HM.csproj", "{77CACC8B-9398-448D-8BAA-F7BCC2C0C62C}"
EndProject
Global
	GlobalSection(SolutionConfigurationPlatforms) = preSolution
		Debug|Any CPU = Debug|Any CPU
		Release|Any CPU = Release|Any CPU
	EndGlobalSection
	GlobalSection(ProjectConfigurationPlatforms) = postSolution
		{77CACC8B-9398-448D-8BAA-F7BCC2C0C62C}.Debug|Any CPU.ActiveCfg = Debug|Any CPU
		{77CACC8B-9398-448D-8BAA-F7BCC2C0C62C}.Debug|Any CPU.Build.0 = Debug|Any CPU
		{77CACC8B-9398-448D-8BAA-F7BCC2C0C62C}.Release|Any CPU.ActiveCfg = Release|Any CPU
		{77CACC8B-9398-448D-8BAA-F7BCC2C0C62C}.Release|Any CPU.Build.0 = Release|Any CPU
	EndGlobalSection
	GlobalSection(SolutionProperties) = preSolution
		HideSolutionNode = FALSE
	EndGlobalSection
	GlobalSection(ExtensibilityGlobals) = postSolution
		SolutionGuid = {A210E241-D685-4047-96CA-B1814BD1DC60}
	EndGlobalSection
EndGlobal
